
Microsoft Visual Studio Solution File, Format Version 12.00
# Visual Studio Version 17
VisualStudioVersion = 17.0.31919.166
MinimumVisualStudioVersion = 10.0.40219.1
Project("{FAE04EC0-301F-11D3-BF4B-00C04F79EFBC}") = "GoogleAnayticsWrapper", "GoogleAnayticsWrapper\GoogleAnayticsWrapper.csproj", "{B3359710-CA6D-4821-9E3A-34A4415833BE}"
EndProject
Project("{FAE04EC0-301F-11D3-BF4B-00C04F79EFBC}") = "SampleApi", "SampleApi\SampleApi.csproj", "{4ADDC059-E8CC-48B8-A83C-E16A67585D4F}"
EndProject
Global
	GlobalSection(SolutionConfigurationPlatforms) = preSolution
		Debug|Any CPU = Debug|Any CPU
		Release|Any CPU = Release|Any CPU
	EndGlobalSection
	GlobalSection(ProjectConfigurationPlatforms) = postSolution
		{B3359710-CA6D-4821-9E3A-34A4415833BE}.Debug|Any CPU.ActiveCfg = Debug|Any CPU
		{B3359710-CA6D-4821-9E3A-34A4415833BE}.Debug|Any CPU.Build.0 = Debug|Any CPU
		{B3359710-CA6D-4821-9E3A-34A4415833BE}.Release|Any CPU.ActiveCfg = Release|Any CPU
		{B3359710-CA6D-4821-9E3A-34A4415833BE}.Release|Any CPU.Build.0 = Release|Any CPU
		{4ADDC059-E8CC-48B8-A83C-E16A67585D4F}.Debug|Any CPU.ActiveCfg = Debug|Any CPU
		{4ADDC059-E8CC-48B8-A83C-E16A67585D4F}.Debug|Any CPU.Build.0 = Debug|Any CPU
		{4ADDC059-E8CC-48B8-A83C-E16A67585D4F}.Release|Any CPU.ActiveCfg = Release|Any CPU
		{4ADDC059-E8CC-48B8-A83C-E16A67585D4F}.Release|Any CPU.Build.0 = Release|Any CPU
	EndGlobalSection
	GlobalSection(SolutionProperties) = preSolution
		HideSolutionNode = FALSE
	EndGlobalSection
	GlobalSection(ExtensibilityGlobals) = postSolution
		SolutionGuid = {A8C0B818-75D7-4ED2-8E3A-D0287B82104E}
	EndGlobalSection
EndGlobal
